# This file is autogenerated, do not edit; changes may be undone by the next 'dep ensure'.


[[projects]]
  branch = "master"
  name = "github.com/kelseyhightower/openwhisk-go"
  packages = ["events","openwhisk"]
  revision = "e8676fe8ea53180841d4fb52eff0131713f0c5db"

[solve-meta]
  analyzer-name = "dep"
  analyzer-version = 1
  inputs-digest = "4a2cde32a6793cb8d4e0163166eae53e7934e2ded8c316b571a004e63f41fd27"
  solver-name = "gps-cdcl"
  solver-version = 1
